<?xml version="1.0" encoding="utf-8"?>
<Project ToolsVersion="4.0" xmlns="http://schemas.microsoft.com/developer/msbuild/2003">
  <ItemGroup>
    <Filter Include="Source Files">
      <UniqueIdentifier>{4FC737F1-C7A5-4376-A066-2A32D752A2FF}</UniqueIdentifier>
      <Extensions>cpp;c;cc;cxx;def;odl;idl;hpj;bat;asm;asmx</Extensions>
    </Filter>
    <Filter Include="Header Files">
      <UniqueIdentifier>{93995380-89BD-4b04-88EB-625FBE52EBFB}</UniqueIdentifier>
      <Extensions>h;hh;hpp;hxx;hm;inl;inc;xsd</Extensions>
    </Filter>
    <Filter Include="Resource Files">
      <UniqueIdentifier>{67DA6AB6-F800-4c08-8B7A-83BB121AAD01}</UniqueIdentifier>
      <Extensions>rc;ico;cur;bmp;dlg;rc2;rct;bin;rgs;gif;jpg;jpeg;jpe;resx;tiff;tif;png;wav;mfcribbon-ms</Extensions>
    </Filter>
    <Filter Include="Map Objects">
      <UniqueIdentifier>{f51daa98-f162-4561-93f9-a03f450c156e}</UniqueIdentifier>
    </Filter>
    <Filter Include="Map Objects\Others">
      <UniqueIdentifier>{1d4fc104-daef-4a9c-8329-c726f8497302}</UniqueIdentifier>
    </Filter>
    <Filter Include="Map Objects\Bricks">
      <UniqueIdentifier>{a378f493-a95e-4610-9011-81b8d7fed0af}</UniqueIdentifier>
    </Filter>
    <Filter Include="Map Objects\Coins">
      <UniqueIdentifier>{490b89c6-0b21-4d25-8838-a9cc43d8cefa}</UniqueIdentifier>
    </Filter>
    <Filter Include="Map Objects\Goomba">
      <UniqueIdentifier>{977063d8-bb83-4ac9-a9f2-607e0a230d72}</UniqueIdentifier>
    </Filter>
    <Filter Include="Map Objects\Piranha">
      <UniqueIdentifier>{eaff7662-ddcf-4d64-b730-513a60de1bbf}</UniqueIdentifier>
    </Filter>
    <Filter Include="Map Objects\Koopas">
      <UniqueIdentifier>{6593e6eb-05ea-4fd5-82aa-3d16bddccde6}</UniqueIdentifier>
    </Filter>
    <Filter Include="Map Objects\Mario">
      <UniqueIdentifier>{23151198-2d0b-47b4-b367-18f9fd43edee}</UniqueIdentifier>
    </Filter>
    <Filter Include="Scenes">
      <UniqueIdentifier>{7d98aa67-3a63-4a52-be12-970c49f5effb}</UniqueIdentifier>
    </Filter>
  </ItemGroup>
  <ItemGroup>
    <ClCompile Include="Game.cpp">
      <Filter>Source Files</Filter>
    </ClCompile>
    <ClCompile Include="main.cpp">
      <Filter>Source Files</Filter>
    </ClCompile>
    <ClCompile Include="Sprites.cpp">
      <Filter>Source Files</Filter>
    </ClCompile>
    <ClCompile Include="Textures.cpp">
      <Filter>Source Files</Filter>
    </ClCompile>
    <ClCompile Include="Animations.cpp">
      <Filter>Source Files</Filter>
    </ClCompile>
    <ClCompile Include="Utils.cpp">
      <Filter>Source Files</Filter>
    </ClCompile>
    <ClCompile Include="Portal.cpp">
      <Filter>Source Files</Filter>
    </ClCompile>
    <ClCompile Include="GameObject.cpp">
      <Filter>Map Objects\Others</Filter>
    </ClCompile>
    <ClCompile Include="Brick.cpp">
      <Filter>Map Objects\Bricks</Filter>
    </ClCompile>
    <ClCompile Include="QuestionBrick.cpp">
      <Filter>Map Objects\Bricks</Filter>
    </ClCompile>
    <ClCompile Include="FlashAnimationBrick.cpp">
      <Filter>Map Objects\Bricks</Filter>
    </ClCompile>
    <ClCompile Include="Coin.cpp">
      <Filter>Map Objects\Coins</Filter>
    </ClCompile>
    <ClCompile Include="Goomba.cpp">
      <Filter>Map Objects\Goomba</Filter>
    </ClCompile>
    <ClCompile Include="PiranhaPlant.cpp">
      <Filter>Map Objects\Piranha</Filter>
    </ClCompile>
    <ClCompile Include="FirePiranhaPlant.cpp">
      <Filter>Map Objects\Piranha</Filter>
    </ClCompile>
    <ClCompile Include="Koopas.cpp">
      <Filter>Map Objects\Koopas</Filter>
    </ClCompile>
    <ClCompile Include="Mario.cpp">
      <Filter>Map Objects\Mario</Filter>
    </ClCompile>
    <ClCompile Include="PlayScence.cpp">
      <Filter>Scenes</Filter>
    </ClCompile>
    <ClCompile Include="Scence.cpp">
      <Filter>Scenes</Filter>
    </ClCompile>
  </ItemGroup>
  <ItemGroup>
    <ClInclude Include="GameObject.h">
      <Filter>Map Objects\Others</Filter>
    </ClInclude>
    <ClInclude Include="Brick.h">
      <Filter>Map Objects\Bricks</Filter>
    </ClInclude>
    <ClInclude Include="QuestionBrick.h">
      <Filter>Map Objects\Bricks</Filter>
    </ClInclude>
    <ClInclude Include="FlashAnimationBrick.h">
      <Filter>Map Objects\Bricks</Filter>
    </ClInclude>
    <ClInclude Include="Coin.h">
      <Filter>Map Objects\Coins</Filter>
    </ClInclude>
    <ClInclude Include="Goomba.h">
      <Filter>Map Objects\Goomba</Filter>
    </ClInclude>
    <ClInclude Include="PiranhaPlant.h">
      <Filter>Map Objects\Piranha</Filter>
    </ClInclude>
    <ClInclude Include="FirePiranhaPlant.h">
      <Filter>Map Objects\Piranha</Filter>
    </ClInclude>
    <ClInclude Include="Koopas.h">
      <Filter>Map Objects\Koopas</Filter>
    </ClInclude>
    <ClInclude Include="Mario.h">
      <Filter>Map Objects\Mario</Filter>
    </ClInclude>
    <ClInclude Include="Scence.h">
      <Filter>Scenes</Filter>
    </ClInclude>
    <ClInclude Include="PlayScence.h">
      <Filter>Scenes</Filter>
    </ClInclude>
    <ClInclude Include="Animations.h">
      <Filter>Source Files</Filter>
    </ClInclude>
    <ClInclude Include="Game.h">
      <Filter>Source Files</Filter>
    </ClInclude>
    <ClInclude Include="KeyEventHandler.h">
      <Filter>Source Files</Filter>
    </ClInclude>
    <ClInclude Include="Portal.h">
      <Filter>Source Files</Filter>
    </ClInclude>
    <ClInclude Include="Textures.h">
      <Filter>Source Files</Filter>
    </ClInclude>
    <ClInclude Include="Sprites.h">
      <Filter>Source Files</Filter>
    </ClInclude>
    <ClInclude Include="Utils.h">
      <Filter>Source Files</Filter>
    </ClInclude>
  </ItemGroup>
</Project>